// !$*UTF8*$!
{
	archiveVersion = 1;
	classes = {
	};
	objectVersion = 51;
	objects = {

/* Begin PBXBuildFile section */
		359880974D402E6A928DC76B /* Pods_Estimote.framework in Frameworks */ = {isa = PBXBuildFile; fileRef = 5CC3016BB2D0F3E8279E01C0 /* Pods_Estimote.framework */; };
		6112D65E249FAF7800C3EADD /* BeaconDetector.swift in Sources */ = {isa = PBXBuildFile; fileRef = 6112D65D249FAF7800C3EADD /* BeaconDetector.swift */; };
		6112D660249FB02D00C3EADD /* RoundedCorners.swift in Sources */ = {isa = PBXBuildFile; fileRef = 6112D65F249FB02D00C3EADD /* RoundedCorners.swift */; };
		6112D663249FB17A00C3EADD /* Api.swift in Sources */ = {isa = PBXBuildFile; fileRef = 6112D662249FB17A00C3EADD /* Api.swift */; };
		6112D665249FDE8400C3EADD /* Post.swift in Sources */ = {isa = PBXBuildFile; fileRef = 6112D664249FDE8400C3EADD /* Post.swift */; };
		6112D667249FE1ED00C3EADD /* ImageLoader.swift in Sources */ = {isa = PBXBuildFile; fileRef = 6112D666249FE1ED00C3EADD /* ImageLoader.swift */; };
		6112D66A249FE71A00C3EADD /* UrlImageView.swift in Sources */ = {isa = PBXBuildFile; fileRef = 6112D669249FE71A00C3EADD /* UrlImageView.swift */; };
		615EC3EE244A4B6300FEBCD8 /* AppDelegate.swift in Sources */ = {isa = PBXBuildFile; fileRef = 615EC3ED244A4B6300FEBCD8 /* AppDelegate.swift */; };
		615EC3F0244A4B6300FEBCD8 /* SceneDelegate.swift in Sources */ = {isa = PBXBuildFile; fileRef = 615EC3EF244A4B6300FEBCD8 /* SceneDelegate.swift */; };
		615EC3F2244A4B6300FEBCD8 /* ContentView.swift in Sources */ = {isa = PBXBuildFile; fileRef = 615EC3F1244A4B6300FEBCD8 /* ContentView.swift */; };
		615EC3F4244A4B6700FEBCD8 /* Assets.xcassets in Resources */ = {isa = PBXBuildFile; fileRef = 615EC3F3244A4B6700FEBCD8 /* Assets.xcassets */; };
		615EC3F7244A4B6700FEBCD8 /* Preview Assets.xcassets in Resources */ = {isa = PBXBuildFile; fileRef = 615EC3F6244A4B6700FEBCD8 /* Preview Assets.xcassets */; };
		615EC3FA244A4B6700FEBCD8 /* LaunchScreen.storyboard in Resources */ = {isa = PBXBuildFile; fileRef = 615EC3F8244A4B6700FEBCD8 /* LaunchScreen.storyboard */; };
		615EC405244A4B6700FEBCD8 /* EstimoteTests.swift in Sources */ = {isa = PBXBuildFile; fileRef = 615EC404244A4B6700FEBCD8 /* EstimoteTests.swift */; };
		615EC410244A4B6800FEBCD8 /* EstimoteUITests.swift in Sources */ = {isa = PBXBuildFile; fileRef = 615EC40F244A4B6800FEBCD8 /* EstimoteUITests.swift */; };
		6182D4DC247C08BA007DC9C4 /* TabBar.swift in Sources */ = {isa = PBXBuildFile; fileRef = 6182D4DB247C08BA007DC9C4 /* TabBar.swift */; };
		6182D4E0247C0B37007DC9C4 /* HomePage.swift in Sources */ = {isa = PBXBuildFile; fileRef = 6182D4DF247C0B37007DC9C4 /* HomePage.swift */; };
		61E7C207247C5FC100B4CBAB /* Colors.xcassets in Resources */ = {isa = PBXBuildFile; fileRef = 61E7C206247C5FC100B4CBAB /* Colors.xcassets */; };
		61E7C209247C61B800B4CBAB /* Radar.swift in Sources */ = {isa = PBXBuildFile; fileRef = 61E7C208247C61B800B4CBAB /* Radar.swift */; };
		844BE2A68532D4AEEC4F46AD /* Pods_EstimoteTests.framework in Frameworks */ = {isa = PBXBuildFile; fileRef = 17ABF47D1F9423CDF68117B1 /* Pods_EstimoteTests.framework */; };
		8D1B8742C1C81B683FD117A8 /* Pods_Estimote_EstimoteUITests.framework in Frameworks */ = {isa = PBXBuildFile; fileRef = 559ECB773E0A8F30E24C8FC1 /* Pods_Estimote_EstimoteUITests.framework */; };
/* End PBXBuildFile section */

/* Begin PBXContainerItemProxy section */
		615EC401244A4B6700FEBCD8 /* PBXContainerItemProxy */ = {
			isa = PBXContainerItemProxy;
			containerPortal = 615EC3E2244A4B6300FEBCD8 /* Project object */;
			proxyType = 1;
			remoteGlobalIDString = 615EC3E9244A4B6300FEBCD8;
			remoteInfo = Estimote;
		};
		615EC40C244A4B6700FEBCD8 /* PBXContainerItemProxy */ = {
			isa = PBXContainerItemProxy;
			containerPortal = 615EC3E2244A4B6300FEBCD8 /* Project object */;
			proxyType = 1;
			remoteGlobalIDString = 615EC3E9244A4B6300FEBCD8;
			remoteInfo = Estimote;
		};
/* End PBXContainerItemProxy section */

/* Begin PBXFileReference section */
		17ABF47D1F9423CDF68117B1 /* Pods_EstimoteTests.framework */ = {isa = PBXFileReference; explicitFileType = wrapper.framework; includeInIndex = 0; path = Pods_EstimoteTests.framework; sourceTree = BUILT_PRODUCTS_DIR; };
		3CA6E065940FCE3D3B794E2E /* Pods-Estimote.debug.xcconfig */ = {isa = PBXFileReference; includeInIndex = 1; lastKnownFileType = text.xcconfig; name = "Pods-Estimote.debug.xcconfig"; path = "Target Support Files/Pods-Estimote/Pods-Estimote.debug.xcconfig"; sourceTree = "<group>"; };
		559ECB773E0A8F30E24C8FC1 /* Pods_Estimote_EstimoteUITests.framework */ = {isa = PBXFileReference; explicitFileType = wrapper.framework; includeInIndex = 0; path = Pods_Estimote_EstimoteUITests.framework; sourceTree = BUILT_PRODUCTS_DIR; };
		5CC3016BB2D0F3E8279E01C0 /* Pods_Estimote.framework */ = {isa = PBXFileReference; explicitFileType = wrapper.framework; includeInIndex = 0; path = Pods_Estimote.framework; sourceTree = BUILT_PRODUCTS_DIR; };
		6112D65D249FAF7800C3EADD /* BeaconDetector.swift */ = {isa = PBXFileReference; lastKnownFileType = sourcecode.swift; path = BeaconDetector.swift; sourceTree = "<group>"; };
		6112D65F249FB02D00C3EADD /* RoundedCorners.swift */ = {isa = PBXFileReference; lastKnownFileType = sourcecode.swift; path = RoundedCorners.swift; sourceTree = "<group>"; };
		6112D662249FB17A00C3EADD /* Api.swift */ = {isa = PBXFileReference; lastKnownFileType = sourcecode.swift; name = Api.swift; path = ../../../../Api.swift; sourceTree = "<group>"; };
		6112D664249FDE8400C3EADD /* Post.swift */ = {isa = PBXFileReference; lastKnownFileType = sourcecode.swift; name = Post.swift; path = ../../../../Post.swift; sourceTree = "<group>"; };
		6112D666249FE1ED00C3EADD /* ImageLoader.swift */ = {isa = PBXFileReference; lastKnownFileType = sourcecode.swift; name = ImageLoader.swift; path = ../../../../ImageLoader.swift; sourceTree = "<group>"; };
		6112D669249FE71A00C3EADD /* UrlImageView.swift */ = {isa = PBXFileReference; lastKnownFileType = sourcecode.swift; name = UrlImageView.swift; path = ../../../../UrlImageView.swift; sourceTree = "<group>"; };
		615EC3EA244A4B6300FEBCD8 /* Estimote.app */ = {isa = PBXFileReference; explicitFileType = wrapper.application; includeInIndex = 0; path = Estimote.app; sourceTree = BUILT_PRODUCTS_DIR; };
		615EC3ED244A4B6300FEBCD8 /* AppDelegate.swift */ = {isa = PBXFileReference; lastKnownFileType = sourcecode.swift; path = AppDelegate.swift; sourceTree = "<group>"; };
		615EC3EF244A4B6300FEBCD8 /* SceneDelegate.swift */ = {isa = PBXFileReference; lastKnownFileType = sourcecode.swift; path = SceneDelegate.swift; sourceTree = "<group>"; };
		615EC3F1244A4B6300FEBCD8 /* ContentView.swift */ = {isa = PBXFileReference; lastKnownFileType = sourcecode.swift; path = ContentView.swift; sourceTree = "<group>"; };
		615EC3F3244A4B6700FEBCD8 /* Assets.xcassets */ = {isa = PBXFileReference; lastKnownFileType = folder.assetcatalog; path = Assets.xcassets; sourceTree = "<group>"; };
		615EC3F6244A4B6700FEBCD8 /* Preview Assets.xcassets */ = {isa = PBXFileReference; lastKnownFileType = folder.assetcatalog; path = "Preview Assets.xcassets"; sourceTree = "<group>"; };
		615EC3F9244A4B6700FEBCD8 /* Base */ = {isa = PBXFileReference; lastKnownFileType = file.storyboard; name = Base; path = Base.lproj/LaunchScreen.storyboard; sourceTree = "<group>"; };
		615EC3FB244A4B6700FEBCD8 /* Info.plist */ = {isa = PBXFileReference; lastKnownFileType = text.plist.xml; path = Info.plist; sourceTree = "<group>"; };
		615EC400244A4B6700FEBCD8 /* EstimoteTests.xctest */ = {isa = PBXFileReference; explicitFileType = wrapper.cfbundle; includeInIndex = 0; path = EstimoteTests.xctest; sourceTree = BUILT_PRODUCTS_DIR; };
		615EC404244A4B6700FEBCD8 /* EstimoteTests.swift */ = {isa = PBXFileReference; lastKnownFileType = sourcecode.swift; path = EstimoteTests.swift; sourceTree = "<group>"; };
		615EC406244A4B6700FEBCD8 /* Info.plist */ = {isa = PBXFileReference; lastKnownFileType = text.plist.xml; path = Info.plist; sourceTree = "<group>"; };
		615EC40B244A4B6700FEBCD8 /* EstimoteUITests.xctest */ = {isa = PBXFileReference; explicitFileType = wrapper.cfbundle; includeInIndex = 0; path = EstimoteUITests.xctest; sourceTree = BUILT_PRODUCTS_DIR; };
		615EC40F244A4B6800FEBCD8 /* EstimoteUITests.swift */ = {isa = PBXFileReference; lastKnownFileType = sourcecode.swift; path = EstimoteUITests.swift; sourceTree = "<group>"; };
		615EC411244A4B6800FEBCD8 /* Info.plist */ = {isa = PBXFileReference; lastKnownFileType = text.plist.xml; path = Info.plist; sourceTree = "<group>"; };
		6182D4DB247C08BA007DC9C4 /* TabBar.swift */ = {isa = PBXFileReference; lastKnownFileType = sourcecode.swift; path = TabBar.swift; sourceTree = "<group>"; };
		6182D4DF247C0B37007DC9C4 /* HomePage.swift */ = {isa = PBXFileReference; lastKnownFileType = sourcecode.swift; path = HomePage.swift; sourceTree = "<group>"; };
		61E7C206247C5FC100B4CBAB /* Colors.xcassets */ = {isa = PBXFileReference; lastKnownFileType = folder.assetcatalog; path = Colors.xcassets; sourceTree = "<group>"; };
		61E7C208247C61B800B4CBAB /* Radar.swift */ = {isa = PBXFileReference; lastKnownFileType = sourcecode.swift; path = Radar.swift; sourceTree = "<group>"; };
		6363AD82486F4C68C08E5EA6 /* Pods-EstimoteTests.debug.xcconfig */ = {isa = PBXFileReference; includeInIndex = 1; lastKnownFileType = text.xcconfig; name = "Pods-EstimoteTests.debug.xcconfig"; path = "Target Support Files/Pods-EstimoteTests/Pods-EstimoteTests.debug.xcconfig"; sourceTree = "<group>"; };
		AB61442A2331E918D2B18391 /* Pods-EstimoteTests.release.xcconfig */ = {isa = PBXFileReference; includeInIndex = 1; lastKnownFileType = text.xcconfig; name = "Pods-EstimoteTests.release.xcconfig"; path = "Target Support Files/Pods-EstimoteTests/Pods-EstimoteTests.release.xcconfig"; sourceTree = "<group>"; };
		CC700BF6B03F54793ED40E55 /* Pods-Estimote.release.xcconfig */ = {isa = PBXFileReference; includeInIndex = 1; lastKnownFileType = text.xcconfig; name = "Pods-Estimote.release.xcconfig"; path = "Target Support Files/Pods-Estimote/Pods-Estimote.release.xcconfig"; sourceTree = "<group>"; };
		D85DBA2A675291F1B049CCF3 /* Pods-Estimote-EstimoteUITests.release.xcconfig */ = {isa = PBXFileReference; includeInIndex = 1; lastKnownFileType = text.xcconfig; name = "Pods-Estimote-EstimoteUITests.release.xcconfig"; path = "Target Support Files/Pods-Estimote-EstimoteUITests/Pods-Estimote-EstimoteUITests.release.xcconfig"; sourceTree = "<group>"; };
		DEACC19218831FFF861CE052 /* Pods-Estimote-EstimoteUITests.debug.xcconfig */ = {isa = PBXFileReference; includeInIndex = 1; lastKnownFileType = text.xcconfig; name = "Pods-Estimote-EstimoteUITests.debug.xcconfig"; path = "Target Support Files/Pods-Estimote-EstimoteUITests/Pods-Estimote-EstimoteUITests.debug.xcconfig"; sourceTree = "<group>"; };
/* End PBXFileReference section */

/* Begin PBXFrameworksBuildPhase section */
		615EC3E7244A4B6300FEBCD8 /* Frameworks */ = {
			isa = PBXFrameworksBuildPhase;
			buildActionMask = 2147483647;
			files = (
				359880974D402E6A928DC76B /* Pods_Estimote.framework in Frameworks */,
			);
			runOnlyForDeploymentPostprocessing = 0;
		};
		615EC3FD244A4B6700FEBCD8 /* Frameworks */ = {
			isa = PBXFrameworksBuildPhase;
			buildActionMask = 2147483647;
			files = (
				844BE2A68532D4AEEC4F46AD /* Pods_EstimoteTests.framework in Frameworks */,
			);
			runOnlyForDeploymentPostprocessing = 0;
		};
		615EC408244A4B6700FEBCD8 /* Frameworks */ = {
			isa = PBXFrameworksBuildPhase;
			buildActionMask = 2147483647;
			files = (
				8D1B8742C1C81B683FD117A8 /* Pods_Estimote_EstimoteUITests.framework in Frameworks */,
			);
			runOnlyForDeploymentPostprocessing = 0;
		};
/* End PBXFrameworksBuildPhase section */

/* Begin PBXGroup section */
		6112D65C249FAF5900C3EADD /* Helpers */ = {
			isa = PBXGroup;
			children = (
				6112D65D249FAF7800C3EADD /* BeaconDetector.swift */,
				6112D65F249FB02D00C3EADD /* RoundedCorners.swift */,
				6112D666249FE1ED00C3EADD /* ImageLoader.swift */,
			);
			path = Helpers;
			sourceTree = "<group>";
		};
		6112D661249FB16900C3EADD /* Services */ = {
			isa = PBXGroup;
			children = (
				6112D662249FB17A00C3EADD /* Api.swift */,
				6112D664249FDE8400C3EADD /* Post.swift */,
			);
			path = Services;
			sourceTree = "<group>";
		};
		6112D668249FE70300C3EADD /* ViewComponents */ = {
			isa = PBXGroup;
			children = (
				6112D669249FE71A00C3EADD /* UrlImageView.swift */,
			);
			path = ViewComponents;
			sourceTree = "<group>";
		};
		615EC3E1244A4B6300FEBCD8 = {
			isa = PBXGroup;
			children = (
				615EC3EC244A4B6300FEBCD8 /* Estimote */,
				615EC403244A4B6700FEBCD8 /* EstimoteTests */,
				615EC40E244A4B6800FEBCD8 /* EstimoteUITests */,
				615EC3EB244A4B6300FEBCD8 /* Products */,
				DD1AD6A78E2D3B669D89CDD4 /* Pods */,
				79AA0725245944A75A50CDCF /* Frameworks */,
			);
			sourceTree = "<group>";
		};
		615EC3EB244A4B6300FEBCD8 /* Products */ = {
			isa = PBXGroup;
			children = (
				615EC3EA244A4B6300FEBCD8 /* Estimote.app */,
				615EC400244A4B6700FEBCD8 /* EstimoteTests.xctest */,
				615EC40B244A4B6700FEBCD8 /* EstimoteUITests.xctest */,
			);
			name = Products;
			sourceTree = "<group>";
		};
		615EC3EC244A4B6300FEBCD8 /* Estimote */ = {
			isa = PBXGroup;
			children = (
				6112D668249FE70300C3EADD /* ViewComponents */,
				6112D661249FB16900C3EADD /* Services */,
				6112D65C249FAF5900C3EADD /* Helpers */,
				61E7C208247C61B800B4CBAB /* Radar.swift */,
				615EC3ED244A4B6300FEBCD8 /* AppDelegate.swift */,
				615EC3EF244A4B6300FEBCD8 /* SceneDelegate.swift */,
				615EC3F1244A4B6300FEBCD8 /* ContentView.swift */,
				6182D4DB247C08BA007DC9C4 /* TabBar.swift */,
				6182D4DF247C0B37007DC9C4 /* HomePage.swift */,
				61E7C206247C5FC100B4CBAB /* Colors.xcassets */,
				615EC3F3244A4B6700FEBCD8 /* Assets.xcassets */,
				615EC3F8244A4B6700FEBCD8 /* LaunchScreen.storyboard */,
				615EC3FB244A4B6700FEBCD8 /* Info.plist */,
				615EC3F5244A4B6700FEBCD8 /* Preview Content */,
			);
			path = Estimote;
			sourceTree = "<group>";
		};
		615EC3F5244A4B6700FEBCD8 /* Preview Content */ = {
			isa = PBXGroup;
			children = (
				615EC3F6244A4B6700FEBCD8 /* Preview Assets.xcassets */,
			);
			path = "Preview Content";
			sourceTree = "<group>";
		};
		615EC403244A4B6700FEBCD8 /* EstimoteTests */ = {
			isa = PBXGroup;
			children = (
				615EC404244A4B6700FEBCD8 /* EstimoteTests.swift */,
				615EC406244A4B6700FEBCD8 /* Info.plist */,
			);
			path = EstimoteTests;
			sourceTree = "<group>";
		};
		615EC40E244A4B6800FEBCD8 /* EstimoteUITests */ = {
			isa = PBXGroup;
			children = (
				615EC40F244A4B6800FEBCD8 /* EstimoteUITests.swift */,
				615EC411244A4B6800FEBCD8 /* Info.plist */,
			);
			path = EstimoteUITests;
			sourceTree = "<group>";
		};
		79AA0725245944A75A50CDCF /* Frameworks */ = {
			isa = PBXGroup;
			children = (
				5CC3016BB2D0F3E8279E01C0 /* Pods_Estimote.framework */,
				559ECB773E0A8F30E24C8FC1 /* Pods_Estimote_EstimoteUITests.framework */,
				17ABF47D1F9423CDF68117B1 /* Pods_EstimoteTests.framework */,
			);
			name = Frameworks;
			sourceTree = "<group>";
		};
		DD1AD6A78E2D3B669D89CDD4 /* Pods */ = {
			isa = PBXGroup;
			children = (
				3CA6E065940FCE3D3B794E2E /* Pods-Estimote.debug.xcconfig */,
				CC700BF6B03F54793ED40E55 /* Pods-Estimote.release.xcconfig */,
				DEACC19218831FFF861CE052 /* Pods-Estimote-EstimoteUITests.debug.xcconfig */,
				D85DBA2A675291F1B049CCF3 /* Pods-Estimote-EstimoteUITests.release.xcconfig */,
				6363AD82486F4C68C08E5EA6 /* Pods-EstimoteTests.debug.xcconfig */,
				AB61442A2331E918D2B18391 /* Pods-EstimoteTests.release.xcconfig */,
			);
			path = Pods;
			sourceTree = "<group>";
		};
/* End PBXGroup section */

/* Begin PBXNativeTarget section */
		615EC3E9244A4B6300FEBCD8 /* Estimote */ = {
			isa = PBXNativeTarget;
			buildConfigurationList = 615EC414244A4B6800FEBCD8 /* Build configuration list for PBXNativeTarget "Estimote" */;
			buildPhases = (
				FC846A438D22F71F2F63A76A /* [CP] Check Pods Manifest.lock */,
				615EC3E6244A4B6300FEBCD8 /* Sources */,
				615EC3E7244A4B6300FEBCD8 /* Frameworks */,
				615EC3E8244A4B6300FEBCD8 /* Resources */,
				06DDDDA1351DB2AA8421B724 /* [CP] Embed Pods Frameworks */,
			);
			buildRules = (
			);
			dependencies = (
			);
			name = Estimote;
			productName = Estimote;
			productReference = 615EC3EA244A4B6300FEBCD8 /* Estimote.app */;
			productType = "com.apple.product-type.application";
		};
		615EC3FF244A4B6700FEBCD8 /* EstimoteTests */ = {
			isa = PBXNativeTarget;
			buildConfigurationList = 615EC417244A4B6800FEBCD8 /* Build configuration list for PBXNativeTarget "EstimoteTests" */;
			buildPhases = (
				E5AE08830AA2813F7B5959CF /* [CP] Check Pods Manifest.lock */,
				615EC3FC244A4B6700FEBCD8 /* Sources */,
				615EC3FD244A4B6700FEBCD8 /* Frameworks */,
				615EC3FE244A4B6700FEBCD8 /* Resources */,
			);
			buildRules = (
			);
			dependencies = (
				615EC402244A4B6700FEBCD8 /* PBXTargetDependency */,
			);
			name = EstimoteTests;
			productName = EstimoteTests;
			productReference = 615EC400244A4B6700FEBCD8 /* EstimoteTests.xctest */;
			productType = "com.apple.product-type.bundle.unit-test";
		};
		615EC40A244A4B6700FEBCD8 /* EstimoteUITests */ = {
			isa = PBXNativeTarget;
			buildConfigurationList = 615EC41A244A4B6800FEBCD8 /* Build configuration list for PBXNativeTarget "EstimoteUITests" */;
			buildPhases = (
				A905F873FB8FBA2DCC7B4747 /* [CP] Check Pods Manifest.lock */,
				615EC407244A4B6700FEBCD8 /* Sources */,
				615EC408244A4B6700FEBCD8 /* Frameworks */,
				615EC409244A4B6700FEBCD8 /* Resources */,
				6C2D50165E2468AE36F5A6DC /* [CP] Embed Pods Frameworks */,
			);
			buildRules = (
			);
			dependencies = (
				615EC40D244A4B6700FEBCD8 /* PBXTargetDependency */,
			);
			name = EstimoteUITests;
			productName = EstimoteUITests;
			productReference = 615EC40B244A4B6700FEBCD8 /* EstimoteUITests.xctest */;
			productType = "com.apple.product-type.bundle.ui-testing";
		};
/* End PBXNativeTarget section */

/* Begin PBXProject section */
		615EC3E2244A4B6300FEBCD8 /* Project object */ = {
			isa = PBXProject;
			attributes = {
				LastSwiftUpdateCheck = 1140;
				LastUpgradeCheck = 1140;
				ORGANIZATIONNAME = Mateusz;
				TargetAttributes = {
					615EC3E9244A4B6300FEBCD8 = {
						CreatedOnToolsVersion = 11.4;
					};
					615EC3FF244A4B6700FEBCD8 = {
						CreatedOnToolsVersion = 11.4;
						TestTargetID = 615EC3E9244A4B6300FEBCD8;
					};
					615EC40A244A4B6700FEBCD8 = {
						CreatedOnToolsVersion = 11.4;
						TestTargetID = 615EC3E9244A4B6300FEBCD8;
					};
				};
			};
			buildConfigurationList = 615EC3E5244A4B6300FEBCD8 /* Build configuration list for PBXProject "Estimote" */;
			compatibilityVersion = "Xcode 9.3";
			developmentRegion = en;
			hasScannedForEncodings = 0;
			knownRegions = (
				en,
				Base,
			);
			mainGroup = 615EC3E1244A4B6300FEBCD8;
			productRefGroup = 615EC3EB244A4B6300FEBCD8 /* Products */;
			projectDirPath = "";
			projectRoot = "";
			targets = (
				615EC3E9244A4B6300FEBCD8 /* Estimote */,
				615EC3FF244A4B6700FEBCD8 /* EstimoteTests */,
				615EC40A244A4B6700FEBCD8 /* EstimoteUITests */,
			);
		};
/* End PBXProject section */

/* Begin PBXResourcesBuildPhase section */
		615EC3E8244A4B6300FEBCD8 /* Resources */ = {
			isa = PBXResourcesBuildPhase;
			buildActionMask = 2147483647;
			files = (
				615EC3FA244A4B6700FEBCD8 /* LaunchScreen.storyboard in Resources */,
				61E7C207247C5FC100B4CBAB /* Colors.xcassets in Resources */,
				615EC3F7244A4B6700FEBCD8 /* Preview Assets.xcassets in Resources */,
				615EC3F4244A4B6700FEBCD8 /* Assets.xcassets in Resources */,
			);
			runOnlyForDeploymentPostprocessing = 0;
		};
		615EC3FE244A4B6700FEBCD8 /* Resources */ = {
			isa = PBXResourcesBuildPhase;
			buildActionMask = 2147483647;
			files = (
			);
			runOnlyForDeploymentPostprocessing = 0;
		};
		615EC409244A4B6700FEBCD8 /* Resources */ = {
			isa = PBXResourcesBuildPhase;
			buildActionMask = 2147483647;
			files = (
			);
			runOnlyForDeploymentPostprocessing = 0;
		};
/* End PBXResourcesBuildPhase section */

/* Begin PBXShellScriptBuildPhase section */
		06DDDDA1351DB2AA8421B724 /* [CP] Embed Pods Frameworks */ = {
			isa = PBXShellScriptBuildPhase;
			buildActionMask = 2147483647;
			files = (
			);
			inputFileListPaths = (
				"${PODS_ROOT}/Target Support Files/Pods-Estimote/Pods-Estimote-frameworks-${CONFIGURATION}-input-files.xcfilelist",
			);
			name = "[CP] Embed Pods Frameworks";
			outputFileListPaths = (
				"${PODS_ROOT}/Target Support Files/Pods-Estimote/Pods-Estimote-frameworks-${CONFIGURATION}-output-files.xcfilelist",
			);
			runOnlyForDeploymentPostprocessing = 0;
			shellPath = /bin/sh;
			shellScript = "\"${PODS_ROOT}/Target Support Files/Pods-Estimote/Pods-Estimote-frameworks.sh\"\n";
			showEnvVarsInLog = 0;
		};
		6C2D50165E2468AE36F5A6DC /* [CP] Embed Pods Frameworks */ = {
			isa = PBXShellScriptBuildPhase;
			buildActionMask = 2147483647;
			files = (
			);
			inputFileListPaths = (
				"${PODS_ROOT}/Target Support Files/Pods-Estimote-EstimoteUITests/Pods-Estimote-EstimoteUITests-frameworks-${CONFIGURATION}-input-files.xcfilelist",
			);
			name = "[CP] Embed Pods Frameworks";
			outputFileListPaths = (
				"${PODS_ROOT}/Target Support Files/Pods-Estimote-EstimoteUITests/Pods-Estimote-EstimoteUITests-frameworks-${CONFIGURATION}-output-files.xcfilelist",
			);
			runOnlyForDeploymentPostprocessing = 0;
			shellPath = /bin/sh;
			shellScript = "\"${PODS_ROOT}/Target Support Files/Pods-Estimote-EstimoteUITests/Pods-Estimote-EstimoteUITests-frameworks.sh\"\n";
			showEnvVarsInLog = 0;
		};
		A905F873FB8FBA2DCC7B4747 /* [CP] Check Pods Manifest.lock */ = {
			isa = PBXShellScriptBuildPhase;
			buildActionMask = 2147483647;
			files = (
			);
			inputFileListPaths = (
			);
			inputPaths = (
				"${PODS_PODFILE_DIR_PATH}/Podfile.lock",
				"${PODS_ROOT}/Manifest.lock",
			);
			name = "[CP] Check Pods Manifest.lock";
			outputFileListPaths = (
			);
			outputPaths = (
				"$(DERIVED_FILE_DIR)/Pods-Estimote-EstimoteUITests-checkManifestLockResult.txt",
			);
			runOnlyForDeploymentPostprocessing = 0;
			shellPath = /bin/sh;
			shellScript = "diff \"${PODS_PODFILE_DIR_PATH}/Podfile.lock\" \"${PODS_ROOT}/Manifest.lock\" > /dev/null\nif [ $? != 0 ] ; then\n    # print error to STDERR\n    echo \"error: The sandbox is not in sync with the Podfile.lock. Run 'pod install' or update your CocoaPods installation.\" >&2\n    exit 1\nfi\n# This output is used by Xcode 'outputs' to avoid re-running this script phase.\necho \"SUCCESS\" > \"${SCRIPT_OUTPUT_FILE_0}\"\n";
			showEnvVarsInLog = 0;
		};
		E5AE08830AA2813F7B5959CF /* [CP] Check Pods Manifest.lock */ = {
			isa = PBXShellScriptBuildPhase;
			buildActionMask = 2147483647;
			files = (
			);
			inputFileListPaths = (
			);
			inputPaths = (
				"${PODS_PODFILE_DIR_PATH}/Podfile.lock",
				"${PODS_ROOT}/Manifest.lock",
			);
			name = "[CP] Check Pods Manifest.lock";
			outputFileListPaths = (
			);
			outputPaths = (
				"$(DERIVED_FILE_DIR)/Pods-EstimoteTests-checkManifestLockResult.txt",
			);
			runOnlyForDeploymentPostprocessing = 0;
			shellPath = /bin/sh;
			shellScript = "diff \"${PODS_PODFILE_DIR_PATH}/Podfile.lock\" \"${PODS_ROOT}/Manifest.lock\" > /dev/null\nif [ $? != 0 ] ; then\n    # print error to STDERR\n    echo \"error: The sandbox is not in sync with the Podfile.lock. Run 'pod install' or update your CocoaPods installation.\" >&2\n    exit 1\nfi\n# This output is used by Xcode 'outputs' to avoid re-running this script phase.\necho \"SUCCESS\" > \"${SCRIPT_OUTPUT_FILE_0}\"\n";
			showEnvVarsInLog = 0;
		};
		FC846A438D22F71F2F63A76A /* [CP] Check Pods Manifest.lock */ = {
			isa = PBXShellScriptBuildPhase;
			buildActionMask = 2147483647;
			files = (
			);
			inputFileListPaths = (
			);
			inputPaths = (
				"${PODS_PODFILE_DIR_PATH}/Podfile.lock",
				"${PODS_ROOT}/Manifest.lock",
			);
			name = "[CP] Check Pods Manifest.lock";
			outputFileListPaths = (
			);
			outputPaths = (
				"$(DERIVED_FILE_DIR)/Pods-Estimote-checkManifestLockResult.txt",
			);
			runOnlyForDeploymentPostprocessing = 0;
			shellPath = /bin/sh;
			shellScript = "diff \"${PODS_PODFILE_DIR_PATH}/Podfile.lock\" \"${PODS_ROOT}/Manifest.lock\" > /dev/null\nif [ $? != 0 ] ; then\n    # print error to STDERR\n    echo \"error: The sandbox is not in sync with the Podfile.lock. Run 'pod install' or update your CocoaPods installation.\" >&2\n    exit 1\nfi\n# This output is used by Xcode 'outputs' to avoid re-running this script phase.\necho \"SUCCESS\" > \"${SCRIPT_OUTPUT_FILE_0}\"\n";
			showEnvVarsInLog = 0;
		};
/* End PBXShellScriptBuildPhase section */

/* Begin PBXSourcesBuildPhase section */
		615EC3E6244A4B6300FEBCD8 /* Sources */ = {
			isa = PBXSourcesBuildPhase;
			buildActionMask = 2147483647;
			files = (
				6112D663249FB17A00C3EADD /* Api.swift in Sources */,
				61E7C209247C61B800B4CBAB /* Radar.swift in Sources */,
				6112D66A249FE71A00C3EADD /* UrlImageView.swift in Sources */,
				6182D4E0247C0B37007DC9C4 /* HomePage.swift in Sources */,
				615EC3EE244A4B6300FEBCD8 /* AppDelegate.swift in Sources */,
				615EC3F0244A4B6300FEBCD8 /* SceneDelegate.swift in Sources */,
				6112D667249FE1ED00C3EADD /* ImageLoader.swift in Sources */,
				6112D660249FB02D00C3EADD /* RoundedCorners.swift in Sources */,
				6112D65E249FAF7800C3EADD /* BeaconDetector.swift in Sources */,
				615EC3F2244A4B6300FEBCD8 /* ContentView.swift in Sources */,
				6182D4DC247C08BA007DC9C4 /* TabBar.swift in Sources */,
				6112D665249FDE8400C3EADD /* Post.swift in Sources */,
			);
			runOnlyForDeploymentPostprocessing = 0;
		};
		615EC3FC244A4B6700FEBCD8 /* Sources */ = {
			isa = PBXSourcesBuildPhase;
			buildActionMask = 2147483647;
			files = (
				615EC405244A4B6700FEBCD8 /* EstimoteTests.swift in Sources */,
			);
			runOnlyForDeploymentPostprocessing = 0;
		};
		615EC407244A4B6700FEBCD8 /* Sources */ = {
			isa = PBXSourcesBuildPhase;
			buildActionMask = 2147483647;
			files = (
				615EC410244A4B6800FEBCD8 /* EstimoteUITests.swift in Sources */,
			);
			runOnlyForDeploymentPostprocessing = 0;
		};
/* End PBXSourcesBuildPhase section */

/* Begin PBXTargetDependency section */
		615EC402244A4B6700FEBCD8 /* PBXTargetDependency */ = {
			isa = PBXTargetDependency;
			target = 615EC3E9244A4B6300FEBCD8 /* Estimote */;
			targetProxy = 615EC401244A4B6700FEBCD8 /* PBXContainerItemProxy */;
		};
		615EC40D244A4B6700FEBCD8 /* PBXTargetDependency */ = {
			isa = PBXTargetDependency;
			target = 615EC3E9244A4B6300FEBCD8 /* Estimote */;
			targetProxy = 615EC40C244A4B6700FEBCD8 /* PBXContainerItemProxy */;
		};
/* End PBXTargetDependency section */

/* Begin PBXVariantGroup section */
		615EC3F8244A4B6700FEBCD8 /* LaunchScreen.storyboard */ = {
			isa = PBXVariantGroup;
			children = (
				615EC3F9244A4B6700FEBCD8 /* Base */,
			);
			name = LaunchScreen.storyboard;
			sourceTree = "<group>";
		};
/* End PBXVariantGroup section */

/* Begin XCBuildConfiguration section */
		615EC412244A4B6800FEBCD8 /* Debug */ = {
			isa = XCBuildConfiguration;
			buildSettings = {
				ALWAYS_SEARCH_USER_PATHS = NO;
				CLANG_ANALYZER_NONNULL = YES;
				CLANG_ANALYZER_NUMBER_OBJECT_CONVERSION = YES_AGGRESSIVE;
				CLANG_CXX_LANGUAGE_STANDARD = "gnu++14";
				CLANG_CXX_LIBRARY = "libc++";
				CLANG_ENABLE_MODULES = YES;
				CLANG_ENABLE_OBJC_ARC = YES;
				CLANG_ENABLE_OBJC_WEAK = YES;
				CLANG_WARN_BLOCK_CAPTURE_AUTORELEASING = YES;
				CLANG_WARN_BOOL_CONVERSION = YES;
				CLANG_WARN_COMMA = YES;
				CLANG_WARN_CONSTANT_CONVERSION = YES;
				CLANG_WARN_DEPRECATED_OBJC_IMPLEMENTATIONS = YES;
				CLANG_WARN_DIRECT_OBJC_ISA_USAGE = YES_ERROR;
				CLANG_WARN_DOCUMENTATION_COMMENTS = YES;
				CLANG_WARN_EMPTY_BODY = YES;
				CLANG_WARN_ENUM_CONVERSION = YES;
				CLANG_WARN_INFINITE_RECURSION = YES;
				CLANG_WARN_INT_CONVERSION = YES;
				CLANG_WARN_NON_LITERAL_NULL_CONVERSION = YES;
				CLANG_WARN_OBJC_IMPLICIT_RETAIN_SELF = YES;
				CLANG_WARN_OBJC_LITERAL_CONVERSION = YES;
				CLANG_WARN_OBJC_ROOT_CLASS = YES_ERROR;
				CLANG_WARN_RANGE_LOOP_ANALYSIS = YES;
				CLANG_WARN_STRICT_PROTOTYPES = YES;
				CLANG_WARN_SUSPICIOUS_MOVE = YES;
				CLANG_WARN_UNGUARDED_AVAILABILITY = YES_AGGRESSIVE;
				CLANG_WARN_UNREACHABLE_CODE = YES;
				CLANG_WARN__DUPLICATE_METHOD_MATCH = YES;
				COPY_PHASE_STRIP = NO;
				DEBUG_INFORMATION_FORMAT = dwarf;
				ENABLE_STRICT_OBJC_MSGSEND = YES;
				ENABLE_TESTABILITY = YES;
				GCC_C_LANGUAGE_STANDARD = gnu11;
				GCC_DYNAMIC_NO_PIC = NO;
				GCC_NO_COMMON_BLOCKS = YES;
				GCC_OPTIMIZATION_LEVEL = 0;
				GCC_PREPROCESSOR_DEFINITIONS = (
					"DEBUG=1",
					"$(inherited)",
				);
				GCC_WARN_64_TO_32_BIT_CONVERSION = YES;
				GCC_WARN_ABOUT_RETURN_TYPE = YES_ERROR;
				GCC_WARN_UNDECLARED_SELECTOR = YES;
				GCC_WARN_UNINITIALIZED_AUTOS = YES_AGGRESSIVE;
				GCC_WARN_UNUSED_FUNCTION = YES;
				GCC_WARN_UNUSED_VARIABLE = YES;
				IPHONEOS_DEPLOYMENT_TARGET = 13.4;
				MTL_ENABLE_DEBUG_INFO = INCLUDE_SOURCE;
				MTL_FAST_MATH = YES;
				ONLY_ACTIVE_ARCH = YES;
				SDKROOT = iphoneos;
				SWIFT_ACTIVE_COMPILATION_CONDITIONS = DEBUG;
				SWIFT_OPTIMIZATION_LEVEL = "-Onone";
			};
			name = Debug;
		};
		615EC413244A4B6800FEBCD8 /* Release */ = {
			isa = XCBuildConfiguration;
			buildSettings = {
				ALWAYS_SEARCH_USER_PATHS = NO;
				CLANG_ANALYZER_NONNULL = YES;
				CLANG_ANALYZER_NUMBER_OBJECT_CONVERSION = YES_AGGRESSIVE;
				CLANG_CXX_LANGUAGE_STANDARD = "gnu++14";
				CLANG_CXX_LIBRARY = "libc++";
				CLANG_ENABLE_MODULES = YES;
				CLANG_ENABLE_OBJC_ARC = YES;
				CLANG_ENABLE_OBJC_WEAK = YES;
				CLANG_WARN_BLOCK_CAPTURE_AUTORELEASING = YES;
				CLANG_WARN_BOOL_CONVERSION = YES;
				CLANG_WARN_COMMA = YES;
				CLANG_WARN_CONSTANT_CONVERSION = YES;
				CLANG_WARN_DEPRECATED_OBJC_IMPLEMENTATIONS = YES;
				CLANG_WARN_DIRECT_OBJC_ISA_USAGE = YES_ERROR;
				CLANG_WARN_DOCUMENTATION_COMMENTS = YES;
				CLANG_WARN_EMPTY_BODY = YES;
				CLANG_WARN_ENUM_CONVERSION = YES;
				CLANG_WARN_INFINITE_RECURSION = YES;
				CLANG_WARN_INT_CONVERSION = YES;
				CLANG_WARN_NON_LITERAL_NULL_CONVERSION = YES;
				CLANG_WARN_OBJC_IMPLICIT_RETAIN_SELF = YES;
				CLANG_WARN_OBJC_LITERAL_CONVERSION = YES;
				CLANG_WARN_OBJC_ROOT_CLASS = YES_ERROR;
				CLANG_WARN_RANGE_LOOP_ANALYSIS = YES;
				CLANG_WARN_STRICT_PROTOTYPES = YES;
				CLANG_WARN_SUSPICIOUS_MOVE = YES;
				CLANG_WARN_UNGUARDED_AVAILABILITY = YES_AGGRESSIVE;
				CLANG_WARN_UNREACHABLE_CODE = YES;
				CLANG_WARN__DUPLICATE_METHOD_MATCH = YES;
				COPY_PHASE_STRIP = NO;
				DEBUG_INFORMATION_FORMAT = "dwarf-with-dsym";
				ENABLE_NS_ASSERTIONS = NO;
				ENABLE_STRICT_OBJC_MSGSEND = YES;
				GCC_C_LANGUAGE_STANDARD = gnu11;
				GCC_NO_COMMON_BLOCKS = YES;
				GCC_WARN_64_TO_32_BIT_CONVERSION = YES;
				GCC_WARN_ABOUT_RETURN_TYPE = YES_ERROR;
				GCC_WARN_UNDECLARED_SELECTOR = YES;
				GCC_WARN_UNINITIALIZED_AUTOS = YES_AGGRESSIVE;
				GCC_WARN_UNUSED_FUNCTION = YES;
				GCC_WARN_UNUSED_VARIABLE = YES;
				IPHONEOS_DEPLOYMENT_TARGET = 13.4;
				MTL_ENABLE_DEBUG_INFO = NO;
				MTL_FAST_MATH = YES;
				SDKROOT = iphoneos;
				SWIFT_COMPILATION_MODE = wholemodule;
				SWIFT_OPTIMIZATION_LEVEL = "-O";
				VALIDATE_PRODUCT = YES;
			};
			name = Release;
		};
		615EC415244A4B6800FEBCD8 /* Debug */ = {
			isa = XCBuildConfiguration;
			baseConfigurationReference = 3CA6E065940FCE3D3B794E2E /* Pods-Estimote.debug.xcconfig */;
			buildSettings = {
				ASSETCATALOG_COMPILER_APPICON_NAME = AppIcon;
				CODE_SIGN_STYLE = Automatic;
				DEVELOPMENT_ASSET_PATHS = "\"Estimote/Preview Content\"";
				DEVELOPMENT_TEAM = S4E6KPF73F;
				ENABLE_PREVIEWS = YES;
				INFOPLIST_FILE = Estimote/Info.plist;
				LD_RUNPATH_SEARCH_PATHS = (
					"$(inherited)",
					"@executable_path/Frameworks",
				);
				PRODUCT_BUNDLE_IDENTIFIER = pl.techjuice.Estimote;
				PRODUCT_NAME = "$(TARGET_NAME)";
				SWIFT_VERSION = 5.0;
				TARGETED_DEVICE_FAMILY = 1;
			};
			name = Debug;
		};
		615EC416244A4B6800FEBCD8 /* Release */ = {
			isa = XCBuildConfiguration;
			baseConfigurationReference = CC700BF6B03F54793ED40E55 /* Pods-Estimote.release.xcconfig */;
			buildSettings = {
				ASSETCATALOG_COMPILER_APPICON_NAME = AppIcon;
				CODE_SIGN_STYLE = Automatic;
				DEVELOPMENT_ASSET_PATHS = "\"Estimote/Preview Content\"";
				DEVELOPMENT_TEAM = S4E6KPF73F;
				ENABLE_PREVIEWS = YES;
				INFOPLIST_FILE = Estimote/Info.plist;
				LD_RUNPATH_SEARCH_PATHS = (
					"$(inherited)",
					"@executable_path/Frameworks",
				);
				PRODUCT_BUNDLE_IDENTIFIER = pl.techjuice.Estimote;
				PRODUCT_NAME = "$(TARGET_NAME)";
				SWIFT_VERSION = 5.0;
				TARGETED_DEVICE_FAMILY = 1;
			};
			name = Release;
		};
		615EC418244A4B6800FEBCD8 /* Debug */ = {
			isa = XCBuildConfiguration;
			baseConfigurationReference = 6363AD82486F4C68C08E5EA6 /* Pods-EstimoteTests.debug.xcconfig */;
			buildSettings = {
				ALWAYS_EMBED_SWIFT_STANDARD_LIBRARIES = YES;
				BUNDLE_LOADER = "$(TEST_HOST)";
				CODE_SIGN_STYLE = Automatic;
				DEVELOPMENT_TEAM = S4E6KPF73F;
				INFOPLIST_FILE = EstimoteTests/Info.plist;
				IPHONEOS_DEPLOYMENT_TARGET = 13.4;
				LD_RUNPATH_SEARCH_PATHS = (
					"$(inherited)",
					"@executable_path/Frameworks",
					"@loader_path/Frameworks",
				);
				PRODUCT_BUNDLE_IDENTIFIER = pl.techjuice.EstimoteTests;
				PRODUCT_NAME = "$(TARGET_NAME)";
				SWIFT_VERSION = 5.0;
				TARGETED_DEVICE_FAMILY = "1,2";
				TEST_HOST = "$(BUILT_PRODUCTS_DIR)/Estimote.app/Estimote";
			};
			name = Debug;
		};
		615EC419244A4B6800FEBCD8 /* Release */ = {
			isa = XCBuildConfiguration;
			baseConfigurationReference = AB61442A2331E918D2B18391 /* Pods-EstimoteTests.release.xcconfig */;
			buildSettings = {
				ALWAYS_EMBED_SWIFT_STANDARD_LIBRARIES = YES;
				BUNDLE_LOADER = "$(TEST_HOST)";
				CODE_SIGN_STYLE = Automatic;
				DEVELOPMENT_TEAM = S4E6KPF73F;
				INFOPLIST_FILE = EstimoteTests/Info.plist;
				IPHONEOS_DEPLOYMENT_TARGET = 13.4;
				LD_RUNPATH_SEARCH_PATHS = (
					"$(inherited)",
					"@executable_path/Frameworks",
					"@loader_path/Frameworks",
				);
				PRODUCT_BUNDLE_IDENTIFIER = pl.techjuice.EstimoteTests;
				PRODUCT_NAME = "$(TARGET_NAME)";
				SWIFT_VERSION = 5.0;
				TARGETED_DEVICE_FAMILY = "1,2";
				TEST_HOST = "$(BUILT_PRODUCTS_DIR)/Estimote.app/Estimote";
			};
			name = Release;
		};
		615EC41B244A4B6800FEBCD8 /* Debug */ = {
			isa = XCBuildConfiguration;
			baseConfigurationReference = DEACC19218831FFF861CE052 /* Pods-Estimote-EstimoteUITests.debug.xcconfig */;
			buildSettings = {
				ALWAYS_EMBED_SWIFT_STANDARD_LIBRARIES = YES;
				CODE_SIGN_STYLE = Automatic;
				DEVELOPMENT_TEAM = S4E6KPF73F;
				INFOPLIST_FILE = EstimoteUITests/Info.plist;
				LD_RUNPATH_SEARCH_PATHS = (
					"$(inherited)",
					"@executable_path/Frameworks",
					"@loader_path/Frameworks",
				);
				PRODUCT_BUNDLE_IDENTIFIER = pl.techjuice.EstimoteUITests;
				PRODUCT_NAME = "$(TARGET_NAME)";
				SWIFT_VERSION = 5.0;
				TARGETED_DEVICE_FAMILY = "1,2";
				TEST_TARGET_NAME = Estimote;
			};
			name = Debug;
		};
		615EC41C244A4B6800FEBCD8 /* Release */ = {
			isa = XCBuildConfiguration;
			baseConfigurationReference = D85DBA2A675291F1B049CCF3 /* Pods-Estimote-EstimoteUITests.release.xcconfig */;
			buildSettings = {
				ALWAYS_EMBED_SWIFT_STANDARD_LIBRARIES = YES;
				CODE_SIGN_STYLE = Automatic;
				DEVELOPMENT_TEAM = S4E6KPF73F;
				INFOPLIST_FILE = EstimoteUITests/Info.plist;
				LD_RUNPATH_SEARCH_PATHS = (
					"$(inherited)",
					"@executable_path/Frameworks",
					"@loader_path/Frameworks",
				);
				PRODUCT_BUNDLE_IDENTIFIER = pl.techjuice.EstimoteUITests;
				PRODUCT_NAME = "$(TARGET_NAME)";
				SWIFT_VERSION = 5.0;
				TARGETED_DEVICE_FAMILY = "1,2";
				TEST_TARGET_NAME = Estimote;
			};
			name = Release;
		};
/* End XCBuildConfiguration section */

/* Begin XCConfigurationList section */
		615EC3E5244A4B6300FEBCD8 /* Build configuration list for PBXProject "Estimote" */ = {
			isa = XCConfigurationList;
			buildConfigurations = (
				615EC412244A4B6800FEBCD8 /* Debug */,
				615EC413244A4B6800FEBCD8 /* Release */,
			);
			defaultConfigurationIsVisible = 0;
			defaultConfigurationName = Release;
		};
		615EC414244A4B6800FEBCD8 /* Build configuration list for PBXNativeTarget "Estimote" */ = {
			isa = XCConfigurationList;
			buildConfigurations = (
				615EC415244A4B6800FEBCD8 /* Debug */,
				615EC416244A4B6800FEBCD8 /* Release */,
			);
			defaultConfigurationIsVisible = 0;
			defaultConfigurationName = Release;
		};
		615EC417244A4B6800FEBCD8 /* Build configuration list for PBXNativeTarget "EstimoteTests" */ = {
			isa = XCConfigurationList;
			buildConfigurations = (
				615EC418244A4B6800FEBCD8 /* Debug */,
				615EC419244A4B6800FEBCD8 /* Release */,
			);
			defaultConfigurationIsVisible = 0;
			defaultConfigurationName = Release;
		};
		615EC41A244A4B6800FEBCD8 /* Build configuration list for PBXNativeTarget "EstimoteUITests" */ = {
			isa = XCConfigurationList;
			buildConfigurations = (
				615EC41B244A4B6800FEBCD8 /* Debug */,
				615EC41C244A4B6800FEBCD8 /* Release */,
			);
			defaultConfigurationIsVisible = 0;
			defaultConfigurationName = Release;
		};
/* End XCConfigurationList section */
	};
	rootObject = 615EC3E2244A4B6300FEBCD8 /* Project object */;
}
